
Microsoft Visual Studio Solution File, Format Version 12.00
# Visual Studio 15
Project("{FAE04EC0-301F-11D3-BF4B-00C04F79EFBC}") = "PlayFab", "PlayFab.csproj", "{9F67B0BC-7C20-D182-0F87-C4CEA8434FAA}"
EndProject
Project("{FAE04EC0-301F-11D3-BF4B-00C04F79EFBC}") = "PhotonChat", "PhotonChat.csproj", "{4372D78E-F440-2DA0-BD5C-4DADFE275A49}"
EndProject
Project("{FAE04EC0-301F-11D3-BF4B-00C04F79EFBC}") = "PhotonUnityNetworking.Demos", "PhotonUnityNetworking.Demos.csproj", "{069C962B-C0A5-45EE-281E-484D09E37667}"
EndProject
Project("{FAE04EC0-301F-11D3-BF4B-00C04F79EFBC}") = "Assembly-CSharp", "Assembly-CSharp.csproj", "{649C5400-57DC-9F06-8CA3-64E71F190BAE}"
EndProject
Project("{FAE04EC0-301F-11D3-BF4B-00C04F79EFBC}") = "PhotonRealtime", "PhotonRealtime.csproj", "{74AB2DFE-926D-8EFA-5C9E-17D2E7788BF9}"
EndProject
Project("{FAE04EC0-301F-11D3-BF4B-00C04F79EFBC}") = "PhotonUnityNetworking.Editor", "PhotonUnityNetworking.Editor.csproj", "{3AC0DAE9-1008-05A6-A7E6-2720162A5C89}"
EndProject
Project("{FAE04EC0-301F-11D3-BF4B-00C04F79EFBC}") = "PlayFabEditorExtensions", "PlayFabEditorExtensions.csproj", "{66461BB2-566C-BB0D-A5F9-9406151D7C68}"
EndProject
Project("{FAE04EC0-301F-11D3-BF4B-00C04F79EFBC}") = "PhotonUnityNetworking", "PhotonUnityNetworking.csproj", "{8F81E655-717A-37BF-DCF2-0DE39C165B68}"
EndProject
Project("{FAE04EC0-301F-11D3-BF4B-00C04F79EFBC}") = "PhotonUnityNetworking.Utilities.PhotonPlayer.Editor", "PhotonUnityNetworking.Utilities.PhotonPlayer.Editor.csproj", "{E6A103D2-7DB6-8404-35EC-6F734D261318}"
EndProject
Project("{FAE04EC0-301F-11D3-BF4B-00C04F79EFBC}") = "PlayFabSDKEditor", "PlayFabSDKEditor.csproj", "{DD421C1E-1DFE-3E27-7757-0B9BF988B16D}"
EndProject
Project("{FAE04EC0-301F-11D3-BF4B-00C04F79EFBC}") = "PhotonUnityNetworking.Utilities", "PhotonUnityNetworking.Utilities.csproj", "{8EAE2E34-145C-9002-FD47-DB65173D7DEF}"
EndProject
Project("{FAE04EC0-301F-11D3-BF4B-00C04F79EFBC}") = "PunDemos.DemoSlotcarEditor", "PunDemos.DemoSlotcarEditor.csproj", "{3C0DE4BF-CC1E-C116-7AEB-5F24A39F764A}"
EndProject
Project("{FAE04EC0-301F-11D3-BF4B-00C04F79EFBC}") = "PhotonUnityNetworking.Utilities.Culling.Editor", "PhotonUnityNetworking.Utilities.Culling.Editor.csproj", "{55321B9A-C872-87FC-5CED-3702220CC6AD}"
EndProject
Project("{FAE04EC0-301F-11D3-BF4B-00C04F79EFBC}") = "PunDemos.DemoHubEditor", "PunDemos.DemoHubEditor.csproj", "{3605EE31-1A67-DF1C-AF36-72EA1F99DC5B}"
EndProject
Project("{FAE04EC0-301F-11D3-BF4B-00C04F79EFBC}") = "Assembly-CSharp-Editor", "Assembly-CSharp-Editor.csproj", "{76BFFFE5-F86E-472E-00CC-C08E880739B9}"
EndProject
Global
	GlobalSection(SolutionConfigurationPlatforms) = preSolution
		Debug|Any CPU = Debug|Any CPU
		Release|Any CPU = Release|Any CPU
	EndGlobalSection
	GlobalSection(ProjectConfigurationPlatforms) = postSolution
		{9F67B0BC-7C20-D182-0F87-C4CEA8434FAA}.Debug|Any CPU.ActiveCfg = Debug|Any CPU
		{9F67B0BC-7C20-D182-0F87-C4CEA8434FAA}.Debug|Any CPU.Build.0 = Debug|Any CPU
		{9F67B0BC-7C20-D182-0F87-C4CEA8434FAA}.Release|Any CPU.ActiveCfg = Release|Any CPU
		{9F67B0BC-7C20-D182-0F87-C4CEA8434FAA}.Release|Any CPU.Build.0 = Release|Any CPU
		{4372D78E-F440-2DA0-BD5C-4DADFE275A49}.Debug|Any CPU.ActiveCfg = Debug|Any CPU
		{4372D78E-F440-2DA0-BD5C-4DADFE275A49}.Debug|Any CPU.Build.0 = Debug|Any CPU
		{4372D78E-F440-2DA0-BD5C-4DADFE275A49}.Release|Any CPU.ActiveCfg = Release|Any CPU
		{4372D78E-F440-2DA0-BD5C-4DADFE275A49}.Release|Any CPU.Build.0 = Release|Any CPU
		{069C962B-C0A5-45EE-281E-484D09E37667}.Debug|Any CPU.ActiveCfg = Debug|Any CPU
		{069C962B-C0A5-45EE-281E-484D09E37667}.Debug|Any CPU.Build.0 = Debug|Any CPU
		{069C962B-C0A5-45EE-281E-484D09E37667}.Release|Any CPU.ActiveCfg = Release|Any CPU
		{069C962B-C0A5-45EE-281E-484D09E37667}.Release|Any CPU.Build.0 = Release|Any CPU
		{649C5400-57DC-9F06-8CA3-64E71F190BAE}.Debug|Any CPU.ActiveCfg = Debug|Any CPU
		{649C5400-57DC-9F06-8CA3-64E71F190BAE}.Debug|Any CPU.Build.0 = Debug|Any CPU
		{649C5400-57DC-9F06-8CA3-64E71F190BAE}.Release|Any CPU.ActiveCfg = Release|Any CPU
		{649C5400-57DC-9F06-8CA3-64E71F190BAE}.Release|Any CPU.Build.0 = Release|Any CPU
		{74AB2DFE-926D-8EFA-5C9E-17D2E7788BF9}.Debug|Any CPU.ActiveCfg = Debug|Any CPU
		{74AB2DFE-926D-8EFA-5C9E-17D2E7788BF9}.Debug|Any CPU.Build.0 = Debug|Any CPU
		{74AB2DFE-926D-8EFA-5C9E-17D2E7788BF9}.Release|Any CPU.ActiveCfg = Release|Any CPU
		{74AB2DFE-926D-8EFA-5C9E-17D2E7788BF9}.Release|Any CPU.Build.0 = Release|Any CPU
		{3AC0DAE9-1008-05A6-A7E6-2720162A5C89}.Debug|Any CPU.ActiveCfg = Debug|Any CPU
		{3AC0DAE9-1008-05A6-A7E6-2720162A5C89}.Debug|Any CPU.Build.0 = Debug|Any CPU
		{3AC0DAE9-1008-05A6-A7E6-2720162A5C89}.Release|Any CPU.ActiveCfg = Release|Any CPU
		{3AC0DAE9-1008-05A6-A7E6-2720162A5C89}.Release|Any CPU.Build.0 = Release|Any CPU
		{66461BB2-566C-BB0D-A5F9-9406151D7C68}.Debug|Any CPU.ActiveCfg = Debug|Any CPU
		{66461BB2-566C-BB0D-A5F9-9406151D7C68}.Debug|Any CPU.Build.0 = Debug|Any CPU
		{66461BB2-566C-BB0D-A5F9-9406151D7C68}.Release|Any CPU.ActiveCfg = Release|Any CPU
		{66461BB2-566C-BB0D-A5F9-9406151D7C68}.Release|Any CPU.Build.0 = Release|Any CPU
		{8F81E655-717A-37BF-DCF2-0DE39C165B68}.Debug|Any CPU.ActiveCfg = Debug|Any CPU
		{8F81E655-717A-37BF-DCF2-0DE39C165B68}.Debug|Any CPU.Build.0 = Debug|Any CPU
		{8F81E655-717A-37BF-DCF2-0DE39C165B68}.Release|Any CPU.ActiveCfg = Release|Any CPU
		{8F81E655-717A-37BF-DCF2-0DE39C165B68}.Release|Any CPU.Build.0 = Release|Any CPU
		{E6A103D2-7DB6-8404-35EC-6F734D261318}.Debug|Any CPU.ActiveCfg = Debug|Any CPU
		{E6A103D2-7DB6-8404-35EC-6F734D261318}.Debug|Any CPU.Build.0 = Debug|Any CPU
		{E6A103D2-7DB6-8404-35EC-6F734D261318}.Release|Any CPU.ActiveCfg = Release|Any CPU
		{E6A103D2-7DB6-8404-35EC-6F734D261318}.Release|Any CPU.Build.0 = Release|Any CPU
		{DD421C1E-1DFE-3E27-7757-0B9BF988B16D}.Debug|Any CPU.ActiveCfg = Debug|Any CPU
		{DD421C1E-1DFE-3E27-7757-0B9BF988B16D}.Debug|Any CPU.Build.0 = Debug|Any CPU
		{DD421C1E-1DFE-3E27-7757-0B9BF988B16D}.Release|Any CPU.ActiveCfg = Release|Any CPU
		{DD421C1E-1DFE-3E27-7757-0B9BF988B16D}.Release|Any CPU.Build.0 = Release|Any CPU
		{8EAE2E34-145C-9002-FD47-DB65173D7DEF}.Debug|Any CPU.ActiveCfg = Debug|Any CPU
		{8EAE2E34-145C-9002-FD47-DB65173D7DEF}.Debug|Any CPU.Build.0 = Debug|Any CPU
		{8EAE2E34-145C-9002-FD47-DB65173D7DEF}.Release|Any CPU.ActiveCfg = Release|Any CPU
		{8EAE2E34-145C-9002-FD47-DB65173D7DEF}.Release|Any CPU.Build.0 = Release|Any CPU
		{3C0DE4BF-CC1E-C116-7AEB-5F24A39F764A}.Debug|Any CPU.ActiveCfg = Debug|Any CPU
		{3C0DE4BF-CC1E-C116-7AEB-5F24A39F764A}.Debug|Any CPU.Build.0 = Debug|Any CPU
		{3C0DE4BF-CC1E-C116-7AEB-5F24A39F764A}.Release|Any CPU.ActiveCfg = Release|Any CPU
		{3C0DE4BF-CC1E-C116-7AEB-5F24A39F764A}.Release|Any CPU.Build.0 = Release|Any CPU
		{55321B9A-C872-87FC-5CED-3702220CC6AD}.Debug|Any CPU.ActiveCfg = Debug|Any CPU
		{55321B9A-C872-87FC-5CED-3702220CC6AD}.Debug|Any CPU.Build.0 = Debug|Any CPU
		{55321B9A-C872-87FC-5CED-3702220CC6AD}.Release|Any CPU.ActiveCfg = Release|Any CPU
		{55321B9A-C872-87FC-5CED-3702220CC6AD}.Release|Any CPU.Build.0 = Release|Any CPU
		{3605EE31-1A67-DF1C-AF36-72EA1F99DC5B}.Debug|Any CPU.ActiveCfg = Debug|Any CPU
		{3605EE31-1A67-DF1C-AF36-72EA1F99DC5B}.Debug|Any CPU.Build.0 = Debug|Any CPU
		{3605EE31-1A67-DF1C-AF36-72EA1F99DC5B}.Release|Any CPU.ActiveCfg = Release|Any CPU
		{3605EE31-1A67-DF1C-AF36-72EA1F99DC5B}.Release|Any CPU.Build.0 = Release|Any CPU
		{76BFFFE5-F86E-472E-00CC-C08E880739B9}.Debug|Any CPU.ActiveCfg = Debug|Any CPU
		{76BFFFE5-F86E-472E-00CC-C08E880739B9}.Debug|Any CPU.Build.0 = Debug|Any CPU
		{76BFFFE5-F86E-472E-00CC-C08E880739B9}.Release|Any CPU.ActiveCfg = Release|Any CPU
		{76BFFFE5-F86E-472E-00CC-C08E880739B9}.Release|Any CPU.Build.0 = Release|Any CPU
	EndGlobalSection
	GlobalSection(SolutionProperties) = preSolution
		HideSolutionNode = FALSE
	EndGlobalSection
EndGlobal
